# generated by rye
# use `rye lock` or `rye sync` to update this lockfile
#
# last locked with the following flags:
#   pre: false
#   features: []
#   all-features: false
#   with-sources: false

-e file:.
annotated-types==0.6.0
    # via pydantic
greenlet==3.0.3
    # via sqlalchemy
pydantic==2.6.1
    # via sqlmodel
pydantic-core==2.16.2
    # via pydantic
sqlalchemy==2.0.27
    # via sqlmodel
sqlmodel==0.0.16
    # via sqlmodel-tutorial
typing-extensions==4.9.0
    # via pydantic
    # via pydantic-core
    # via sqlalchemy
